
Microsoft Visual Studio Solution File, Format Version 12.00
# Visual Studio 14
VisualStudioVersion = 14.0.25420.1
MinimumVisualStudioVersion = 10.0.40219.1
Project("{FAE04EC0-301F-11D3-BF4B-00C04F79EFBC}") = "TreeSearch", "DepthFirstSearch\TreeSearch.csproj", "{905BA454-E2D6-4602-AE4A-57C29D5DE974}"
EndProject
Project("{FAE04EC0-301F-11D3-BF4B-00C04F79EFBC}") = "TreeSearch.Test", "TreeSearch.Test\TreeSearch.Test.csproj", "{D41C9485-5728-4757-ABB5-1CD711ED4FE1}"
EndProject
Global
	GlobalSection(SolutionConfigurationPlatforms) = preSolution
		Debug|Any CPU = Debug|Any CPU
		Release|Any CPU = Release|Any CPU
	EndGlobalSection
	GlobalSection(ProjectConfigurationPlatforms) = postSolution
		{905BA454-E2D6-4602-AE4A-57C29D5DE974}.Debug|Any CPU.ActiveCfg = Debug|Any CPU
		{905BA454-E2D6-4602-AE4A-57C29D5DE974}.Debug|Any CPU.Build.0 = Debug|Any CPU
		{905BA454-E2D6-4602-AE4A-57C29D5DE974}.Release|Any CPU.ActiveCfg = Release|Any CPU
		{905BA454-E2D6-4602-AE4A-57C29D5DE974}.Release|Any CPU.Build.0 = Release|Any CPU
		{D41C9485-5728-4757-ABB5-1CD711ED4FE1}.Debug|Any CPU.ActiveCfg = Debug|Any CPU
		{D41C9485-5728-4757-ABB5-1CD711ED4FE1}.Debug|Any CPU.Build.0 = Debug|Any CPU
		{D41C9485-5728-4757-ABB5-1CD711ED4FE1}.Release|Any CPU.ActiveCfg = Release|Any CPU
		{D41C9485-5728-4757-ABB5-1CD711ED4FE1}.Release|Any CPU.Build.0 = Release|Any CPU
	EndGlobalSection
	GlobalSection(SolutionProperties) = preSolution
		HideSolutionNode = FALSE
	EndGlobalSection
EndGlobal
