
Microsoft Visual Studio Solution File, Format Version 12.00
# Visual Studio 14
VisualStudioVersion = 14.0.25420.1
MinimumVisualStudioVersion = 10.0.40219.1
Project("{FAE04EC0-301F-11D3-BF4B-00C04F79EFBC}") = "TDDTutorial", "TDDTutorial\TDDTutorial.csproj", "{0F6E8E84-3A9D-4646-AB49-6F13866CF242}"
EndProject
Project("{FAE04EC0-301F-11D3-BF4B-00C04F79EFBC}") = "TDDTutorial.Test", "TDDTutorial.Test\TDDTutorial.Test.csproj", "{F6B27EBF-7034-49C5-811F-F8A4419DF98A}"
EndProject
Global
	GlobalSection(SolutionConfigurationPlatforms) = preSolution
		Debug|Any CPU = Debug|Any CPU
		Release|Any CPU = Release|Any CPU
	EndGlobalSection
	GlobalSection(ProjectConfigurationPlatforms) = postSolution
		{0F6E8E84-3A9D-4646-AB49-6F13866CF242}.Debug|Any CPU.ActiveCfg = Debug|Any CPU
		{0F6E8E84-3A9D-4646-AB49-6F13866CF242}.Debug|Any CPU.Build.0 = Debug|Any CPU
		{0F6E8E84-3A9D-4646-AB49-6F13866CF242}.Release|Any CPU.ActiveCfg = Release|Any CPU
		{0F6E8E84-3A9D-4646-AB49-6F13866CF242}.Release|Any CPU.Build.0 = Release|Any CPU
		{F6B27EBF-7034-49C5-811F-F8A4419DF98A}.Debug|Any CPU.ActiveCfg = Debug|Any CPU
		{F6B27EBF-7034-49C5-811F-F8A4419DF98A}.Debug|Any CPU.Build.0 = Debug|Any CPU
		{F6B27EBF-7034-49C5-811F-F8A4419DF98A}.Release|Any CPU.ActiveCfg = Release|Any CPU
		{F6B27EBF-7034-49C5-811F-F8A4419DF98A}.Release|Any CPU.Build.0 = Release|Any CPU
	EndGlobalSection
	GlobalSection(SolutionProperties) = preSolution
		HideSolutionNode = FALSE
	EndGlobalSection
EndGlobal
